Microsoft Visual Studio Solution File, Format Version 12.00
# Visual Studio Version 17
VisualStudioVersion = 17.8.34316.72
MinimumVisualStudioVersion = 10.0.40219.1
Project("{9A19103F-16F7-4668-BE54-9A1E7A4F7556}") = "SharpMonoInjector.Console", "SharpMonoInjector.Console\SharpMonoInjector.Console.csproj", "{E677DE19-10C7-4981-BC7A-F49AE07E3391}"
EndProject
Project("{9A19103F-16F7-4668-BE54-9A1E7A4F7556}") = "SharpMonoInjector.Gui", "SharpMonoInjector.Gui\SharpMonoInjector.Gui.csproj", "{AA64466B-D036-47B1-AA77-DB1DAA026313}"
EndProject
Project("{9A19103F-16F7-4668-BE54-9A1E7A4F7556}") = "SharpMonoInjector", "SharpMonoInjector\SharpMonoInjector.csproj", "{929D5F1D-EE93-4AA2-900C-D9689CBC4DE1}"
EndProject
Project("{FAE04EC0-301F-11D3-BF4B-00C04F79EFBC}") = "ExampleAssembly", "ExampleAssembly\ExampleAssembly.csproj", "{251A7FF8-4D39-4F8B-9838-61124BF62F99}"
EndProject
Global
	GlobalSection(SolutionConfigurationPlatforms) = preSolution
		Debug|Any CPU = Debug|Any CPU
		Debug|x64 = Debug|x64
		Release|Any CPU = Release|Any CPU
		Release|x64 = Release|x64
	EndGlobalSection
	GlobalSection(ProjectConfigurationPlatforms) = postSolution
		{E677DE19-10C7-4981-BC7A-F49AE07E3391}.Debug|Any CPU.ActiveCfg = Debug|Any CPU
		{E677DE19-10C7-4981-BC7A-F49AE07E3391}.Debug|Any CPU.Build.0 = Debug|Any CPU
		{E677DE19-10C7-4981-BC7A-F49AE07E3391}.Debug|x64.ActiveCfg = Debug|Any CPU
		{E677DE19-10C7-4981-BC7A-F49AE07E3391}.Debug|x64.Build.0 = Debug|Any CPU
		{E677DE19-10C7-4981-BC7A-F49AE07E3391}.Release|Any CPU.ActiveCfg = Release|Any CPU
		{E677DE19-10C7-4981-BC7A-F49AE07E3391}.Release|Any CPU.Build.0 = Release|Any CPU
		{E677DE19-10C7-4981-BC7A-F49AE07E3391}.Release|x64.ActiveCfg = Release|Any CPU
		{E677DE19-10C7-4981-BC7A-F49AE07E3391}.Release|x64.Build.0 = Release|Any CPU
		{AA64466B-D036-47B1-AA77-DB1DAA026313}.Debug|Any CPU.ActiveCfg = Debug|Any CPU
		{AA64466B-D036-47B1-AA77-DB1DAA026313}.Debug|Any CPU.Build.0 = Debug|Any CPU
		{AA64466B-D036-47B1-AA77-DB1DAA026313}.Debug|x64.ActiveCfg = Debug|Any CPU
		{AA64466B-D036-47B1-AA77-DB1DAA026313}.Debug|x64.Build.0 = Debug|Any CPU
		{AA64466B-D036-47B1-AA77-DB1DAA026313}.Release|Any CPU.ActiveCfg = Release|Any CPU
		{AA64466B-D036-47B1-AA77-DB1DAA026313}.Release|Any CPU.Build.0 = Release|Any CPU
		{AA64466B-D036-47B1-AA77-DB1DAA026313}.Release|x64.ActiveCfg = Release|Any CPU
		{AA64466B-D036-47B1-AA77-DB1DAA026313}.Release|x64.Build.0 = Release|Any CPU
		{929D5F1D-EE93-4AA2-900C-D9689CBC4DE1}.Debug|Any CPU.ActiveCfg = Debug|Any CPU
		{929D5F1D-EE93-4AA2-900C-D9689CBC4DE1}.Debug|Any CPU.Build.0 = Debug|Any CPU
		{929D5F1D-EE93-4AA2-900C-D9689CBC4DE1}.Debug|x64.ActiveCfg = Debug|Any CPU
		{929D5F1D-EE93-4AA2-900C-D9689CBC4DE1}.Debug|x64.Build.0 = Debug|Any CPU
		{929D5F1D-EE93-4AA2-900C-D9689CBC4DE1}.Release|Any CPU.ActiveCfg = Release|Any CPU
		{929D5F1D-EE93-4AA2-900C-D9689CBC4DE1}.Release|Any CPU.Build.0 = Release|Any CPU
		{929D5F1D-EE93-4AA2-900C-D9689CBC4DE1}.Release|x64.ActiveCfg = Release|Any CPU
		{929D5F1D-EE93-4AA2-900C-D9689CBC4DE1}.Release|x64.Build.0 = Release|Any CPU
		{251A7FF8-4D39-4F8B-9838-61124BF62F99}.Debug|Any CPU.ActiveCfg = Debug|Any CPU
		{251A7FF8-4D39-4F8B-9838-61124BF62F99}.Debug|Any CPU.Build.0 = Debug|Any CPU
		{251A7FF8-4D39-4F8B-9838-61124BF62F99}.Debug|x64.ActiveCfg = Debug|x64
		{251A7FF8-4D39-4F8B-9838-61124BF62F99}.Debug|x64.Build.0 = Debug|x64
		{251A7FF8-4D39-4F8B-9838-61124BF62F99}.Release|Any CPU.ActiveCfg = Release|Any CPU
		{251A7FF8-4D39-4F8B-9838-61124BF62F99}.Release|Any CPU.Build.0 = Release|Any CPU
		{251A7FF8-4D39-4F8B-9838-61124BF62F99}.Release|x64.ActiveCfg = Release|x64
		{251A7FF8-4D39-4F8B-9838-61124BF62F99}.Release|x64.Build.0 = Release|x64
	EndGlobalSection
	GlobalSection(SolutionProperties) = preSolution
		HideSolutionNode = FALSE
	EndGlobalSection
	GlobalSection(ExtensibilityGlobals) = postSolution
		SolutionGuid = {CA90DDAC-6FCC-44B2-9B9B-F96654D07613}
	EndGlobalSection
EndGlobal
